
Microsoft Visual Studio Solution File, Format Version 12.00
# Visual Studio Version 17
VisualStudioVersion = 17.2.32519.379
MinimumVisualStudioVersion = 10.0.40219.1
Project("{9A19103F-16F7-4668-BE54-9A1E7A4F7556}") = "SuperShop", "SuperShop.csproj", "{5E3CBC42-6CDC-4760-8F73-CBABB4957D99}"
EndProject
Project("{FAE04EC0-301F-11D3-BF4B-00C04F79EFBC}") = "SuperShop.Prism", "..\SuperShop.Prism\SuperShop.Prism\SuperShop.Prism.csproj", "{ACC79368-0442-4C41-897D-3715B337B45B}"
EndProject
Project("{FAE04EC0-301F-11D3-BF4B-00C04F79EFBC}") = "SuperShop.Prism.Android", "..\SuperShop.Prism\SuperShop.Prism.Android\SuperShop.Prism.Android.csproj", "{847E2EBE-C80D-4FC5-8FE9-A4DA19918359}"
EndProject
Project("{FAE04EC0-301F-11D3-BF4B-00C04F79EFBC}") = "SuperShop.Prism.iOS", "..\SuperShop.Prism\SuperShop.Prism.iOS\SuperShop.Prism.iOS.csproj", "{C2D04CBB-5857-443F-9E9C-18B8DF0197AE}"
EndProject
Global
	GlobalSection(SolutionConfigurationPlatforms) = preSolution
		Ad-Hoc|Any CPU = Ad-Hoc|Any CPU
		Ad-Hoc|iPhone = Ad-Hoc|iPhone
		Ad-Hoc|iPhoneSimulator = Ad-Hoc|iPhoneSimulator
		AppStore|Any CPU = AppStore|Any CPU
		AppStore|iPhone = AppStore|iPhone
		AppStore|iPhoneSimulator = AppStore|iPhoneSimulator
		Debug|Any CPU = Debug|Any CPU
		Debug|iPhone = Debug|iPhone
		Debug|iPhoneSimulator = Debug|iPhoneSimulator
		Release|Any CPU = Release|Any CPU
		Release|iPhone = Release|iPhone
		Release|iPhoneSimulator = Release|iPhoneSimulator
	EndGlobalSection
	GlobalSection(ProjectConfigurationPlatforms) = postSolution
		{5E3CBC42-6CDC-4760-8F73-CBABB4957D99}.Ad-Hoc|Any CPU.ActiveCfg = Release|Any CPU
		{5E3CBC42-6CDC-4760-8F73-CBABB4957D99}.Ad-Hoc|Any CPU.Build.0 = Release|Any CPU
		{5E3CBC42-6CDC-4760-8F73-CBABB4957D99}.Ad-Hoc|iPhone.ActiveCfg = Release|Any CPU
		{5E3CBC42-6CDC-4760-8F73-CBABB4957D99}.Ad-Hoc|iPhone.Build.0 = Release|Any CPU
		{5E3CBC42-6CDC-4760-8F73-CBABB4957D99}.Ad-Hoc|iPhoneSimulator.ActiveCfg = Release|Any CPU
		{5E3CBC42-6CDC-4760-8F73-CBABB4957D99}.Ad-Hoc|iPhoneSimulator.Build.0 = Release|Any CPU
		{5E3CBC42-6CDC-4760-8F73-CBABB4957D99}.AppStore|Any CPU.ActiveCfg = Release|Any CPU
		{5E3CBC42-6CDC-4760-8F73-CBABB4957D99}.AppStore|Any CPU.Build.0 = Release|Any CPU
		{5E3CBC42-6CDC-4760-8F73-CBABB4957D99}.AppStore|iPhone.ActiveCfg = Release|Any CPU
		{5E3CBC42-6CDC-4760-8F73-CBABB4957D99}.AppStore|iPhone.Build.0 = Release|Any CPU
		{5E3CBC42-6CDC-4760-8F73-CBABB4957D99}.AppStore|iPhoneSimulator.ActiveCfg = Release|Any CPU
		{5E3CBC42-6CDC-4760-8F73-CBABB4957D99}.AppStore|iPhoneSimulator.Build.0 = Release|Any CPU
		{5E3CBC42-6CDC-4760-8F73-CBABB4957D99}.Debug|Any CPU.ActiveCfg = Debug|Any CPU
		{5E3CBC42-6CDC-4760-8F73-CBABB4957D99}.Debug|Any CPU.Build.0 = Debug|Any CPU
		{5E3CBC42-6CDC-4760-8F73-CBABB4957D99}.Debug|iPhone.ActiveCfg = Debug|Any CPU
		{5E3CBC42-6CDC-4760-8F73-CBABB4957D99}.Debug|iPhone.Build.0 = Debug|Any CPU
		{5E3CBC42-6CDC-4760-8F73-CBABB4957D99}.Debug|iPhoneSimulator.ActiveCfg = Debug|Any CPU
		{5E3CBC42-6CDC-4760-8F73-CBABB4957D99}.Debug|iPhoneSimulator.Build.0 = Debug|Any CPU
		{5E3CBC42-6CDC-4760-8F73-CBABB4957D99}.Release|Any CPU.ActiveCfg = Release|Any CPU
		{5E3CBC42-6CDC-4760-8F73-CBABB4957D99}.Release|Any CPU.Build.0 = Release|Any CPU
		{5E3CBC42-6CDC-4760-8F73-CBABB4957D99}.Release|iPhone.ActiveCfg = Release|Any CPU
		{5E3CBC42-6CDC-4760-8F73-CBABB4957D99}.Release|iPhone.Build.0 = Release|Any CPU
		{5E3CBC42-6CDC-4760-8F73-CBABB4957D99}.Release|iPhoneSimulator.ActiveCfg = Release|Any CPU
		{5E3CBC42-6CDC-4760-8F73-CBABB4957D99}.Release|iPhoneSimulator.Build.0 = Release|Any CPU
		{ACC79368-0442-4C41-897D-3715B337B45B}.Ad-Hoc|Any CPU.ActiveCfg = Debug|Any CPU
		{ACC79368-0442-4C41-897D-3715B337B45B}.Ad-Hoc|Any CPU.Build.0 = Debug|Any CPU
		{ACC79368-0442-4C41-897D-3715B337B45B}.Ad-Hoc|iPhone.ActiveCfg = Debug|Any CPU
		{ACC79368-0442-4C41-897D-3715B337B45B}.Ad-Hoc|iPhone.Build.0 = Debug|Any CPU
		{ACC79368-0442-4C41-897D-3715B337B45B}.Ad-Hoc|iPhoneSimulator.ActiveCfg = Debug|Any CPU
		{ACC79368-0442-4C41-897D-3715B337B45B}.Ad-Hoc|iPhoneSimulator.Build.0 = Debug|Any CPU
		{ACC79368-0442-4C41-897D-3715B337B45B}.AppStore|Any CPU.ActiveCfg = Debug|Any CPU
		{ACC79368-0442-4C41-897D-3715B337B45B}.AppStore|Any CPU.Build.0 = Debug|Any CPU
		{ACC79368-0442-4C41-897D-3715B337B45B}.AppStore|iPhone.ActiveCfg = Debug|Any CPU
		{ACC79368-0442-4C41-897D-3715B337B45B}.AppStore|iPhone.Build.0 = Debug|Any CPU
		{ACC79368-0442-4C41-897D-3715B337B45B}.AppStore|iPhoneSimulator.ActiveCfg = Debug|Any CPU
		{ACC79368-0442-4C41-897D-3715B337B45B}.AppStore|iPhoneSimulator.Build.0 = Debug|Any CPU
		{ACC79368-0442-4C41-897D-3715B337B45B}.Debug|Any CPU.ActiveCfg = Debug|Any CPU
		{ACC79368-0442-4C41-897D-3715B337B45B}.Debug|Any CPU.Build.0 = Debug|Any CPU
		{ACC79368-0442-4C41-897D-3715B337B45B}.Debug|iPhone.ActiveCfg = Debug|Any CPU
		{ACC79368-0442-4C41-897D-3715B337B45B}.Debug|iPhone.Build.0 = Debug|Any CPU
		{ACC79368-0442-4C41-897D-3715B337B45B}.Debug|iPhoneSimulator.ActiveCfg = Debug|Any CPU
		{ACC79368-0442-4C41-897D-3715B337B45B}.Debug|iPhoneSimulator.Build.0 = Debug|Any CPU
		{ACC79368-0442-4C41-897D-3715B337B45B}.Release|Any CPU.ActiveCfg = Release|Any CPU
		{ACC79368-0442-4C41-897D-3715B337B45B}.Release|Any CPU.Build.0 = Release|Any CPU
		{ACC79368-0442-4C41-897D-3715B337B45B}.Release|iPhone.ActiveCfg = Release|Any CPU
		{ACC79368-0442-4C41-897D-3715B337B45B}.Release|iPhone.Build.0 = Release|Any CPU
		{ACC79368-0442-4C41-897D-3715B337B45B}.Release|iPhoneSimulator.ActiveCfg = Release|Any CPU
		{ACC79368-0442-4C41-897D-3715B337B45B}.Release|iPhoneSimulator.Build.0 = Release|Any CPU
		{847E2EBE-C80D-4FC5-8FE9-A4DA19918359}.Ad-Hoc|Any CPU.ActiveCfg = Debug|Any CPU
		{847E2EBE-C80D-4FC5-8FE9-A4DA19918359}.Ad-Hoc|Any CPU.Build.0 = Debug|Any CPU
		{847E2EBE-C80D-4FC5-8FE9-A4DA19918359}.Ad-Hoc|Any CPU.Deploy.0 = Debug|Any CPU
		{847E2EBE-C80D-4FC5-8FE9-A4DA19918359}.Ad-Hoc|iPhone.ActiveCfg = Debug|Any CPU
		{847E2EBE-C80D-4FC5-8FE9-A4DA19918359}.Ad-Hoc|iPhone.Build.0 = Debug|Any CPU
		{847E2EBE-C80D-4FC5-8FE9-A4DA19918359}.Ad-Hoc|iPhone.Deploy.0 = Debug|Any CPU
		{847E2EBE-C80D-4FC5-8FE9-A4DA19918359}.Ad-Hoc|iPhoneSimulator.ActiveCfg = Debug|Any CPU
		{847E2EBE-C80D-4FC5-8FE9-A4DA19918359}.Ad-Hoc|iPhoneSimulator.Build.0 = Debug|Any CPU
		{847E2EBE-C80D-4FC5-8FE9-A4DA19918359}.Ad-Hoc|iPhoneSimulator.Deploy.0 = Debug|Any CPU
		{847E2EBE-C80D-4FC5-8FE9-A4DA19918359}.AppStore|Any CPU.ActiveCfg = Debug|Any CPU
		{847E2EBE-C80D-4FC5-8FE9-A4DA19918359}.AppStore|Any CPU.Build.0 = Debug|Any CPU
		{847E2EBE-C80D-4FC5-8FE9-A4DA19918359}.AppStore|Any CPU.Deploy.0 = Debug|Any CPU
		{847E2EBE-C80D-4FC5-8FE9-A4DA19918359}.AppStore|iPhone.ActiveCfg = Debug|Any CPU
		{847E2EBE-C80D-4FC5-8FE9-A4DA19918359}.AppStore|iPhone.Build.0 = Debug|Any CPU
		{847E2EBE-C80D-4FC5-8FE9-A4DA19918359}.AppStore|iPhone.Deploy.0 = Debug|Any CPU
		{847E2EBE-C80D-4FC5-8FE9-A4DA19918359}.AppStore|iPhoneSimulator.ActiveCfg = Debug|Any CPU
		{847E2EBE-C80D-4FC5-8FE9-A4DA19918359}.AppStore|iPhoneSimulator.Build.0 = Debug|Any CPU
		{847E2EBE-C80D-4FC5-8FE9-A4DA19918359}.AppStore|iPhoneSimulator.Deploy.0 = Debug|Any CPU
		{847E2EBE-C80D-4FC5-8FE9-A4DA19918359}.Debug|Any CPU.ActiveCfg = Debug|Any CPU
		{847E2EBE-C80D-4FC5-8FE9-A4DA19918359}.Debug|Any CPU.Build.0 = Debug|Any CPU
		{847E2EBE-C80D-4FC5-8FE9-A4DA19918359}.Debug|Any CPU.Deploy.0 = Debug|Any CPU
		{847E2EBE-C80D-4FC5-8FE9-A4DA19918359}.Debug|iPhone.ActiveCfg = Debug|Any CPU
		{847E2EBE-C80D-4FC5-8FE9-A4DA19918359}.Debug|iPhone.Build.0 = Debug|Any CPU
		{847E2EBE-C80D-4FC5-8FE9-A4DA19918359}.Debug|iPhone.Deploy.0 = Debug|Any CPU
		{847E2EBE-C80D-4FC5-8FE9-A4DA19918359}.Debug|iPhoneSimulator.ActiveCfg = Debug|Any CPU
		{847E2EBE-C80D-4FC5-8FE9-A4DA19918359}.Debug|iPhoneSimulator.Build.0 = Debug|Any CPU
		{847E2EBE-C80D-4FC5-8FE9-A4DA19918359}.Debug|iPhoneSimulator.Deploy.0 = Debug|Any CPU
		{847E2EBE-C80D-4FC5-8FE9-A4DA19918359}.Release|Any CPU.ActiveCfg = Release|Any CPU
		{847E2EBE-C80D-4FC5-8FE9-A4DA19918359}.Release|Any CPU.Build.0 = Release|Any CPU
		{847E2EBE-C80D-4FC5-8FE9-A4DA19918359}.Release|Any CPU.Deploy.0 = Release|Any CPU
		{847E2EBE-C80D-4FC5-8FE9-A4DA19918359}.Release|iPhone.ActiveCfg = Release|Any CPU
		{847E2EBE-C80D-4FC5-8FE9-A4DA19918359}.Release|iPhone.Build.0 = Release|Any CPU
		{847E2EBE-C80D-4FC5-8FE9-A4DA19918359}.Release|iPhone.Deploy.0 = Release|Any CPU
		{847E2EBE-C80D-4FC5-8FE9-A4DA19918359}.Release|iPhoneSimulator.ActiveCfg = Release|Any CPU
		{847E2EBE-C80D-4FC5-8FE9-A4DA19918359}.Release|iPhoneSimulator.Build.0 = Release|Any CPU
		{847E2EBE-C80D-4FC5-8FE9-A4DA19918359}.Release|iPhoneSimulator.Deploy.0 = Release|Any CPU
		{C2D04CBB-5857-443F-9E9C-18B8DF0197AE}.Ad-Hoc|Any CPU.ActiveCfg = Ad-Hoc|iPhoneSimulator
		{C2D04CBB-5857-443F-9E9C-18B8DF0197AE}.Ad-Hoc|Any CPU.Build.0 = Ad-Hoc|iPhoneSimulator
		{C2D04CBB-5857-443F-9E9C-18B8DF0197AE}.Ad-Hoc|iPhone.ActiveCfg = Ad-Hoc|iPhone
		{C2D04CBB-5857-443F-9E9C-18B8DF0197AE}.Ad-Hoc|iPhone.Build.0 = Ad-Hoc|iPhone
		{C2D04CBB-5857-443F-9E9C-18B8DF0197AE}.Ad-Hoc|iPhoneSimulator.ActiveCfg = Ad-Hoc|iPhoneSimulator
		{C2D04CBB-5857-443F-9E9C-18B8DF0197AE}.Ad-Hoc|iPhoneSimulator.Build.0 = Ad-Hoc|iPhoneSimulator
		{C2D04CBB-5857-443F-9E9C-18B8DF0197AE}.AppStore|Any CPU.ActiveCfg = AppStore|iPhoneSimulator
		{C2D04CBB-5857-443F-9E9C-18B8DF0197AE}.AppStore|Any CPU.Build.0 = AppStore|iPhoneSimulator
		{C2D04CBB-5857-443F-9E9C-18B8DF0197AE}.AppStore|iPhone.ActiveCfg = AppStore|iPhone
		{C2D04CBB-5857-443F-9E9C-18B8DF0197AE}.AppStore|iPhone.Build.0 = AppStore|iPhone
		{C2D04CBB-5857-443F-9E9C-18B8DF0197AE}.AppStore|iPhoneSimulator.ActiveCfg = AppStore|iPhoneSimulator
		{C2D04CBB-5857-443F-9E9C-18B8DF0197AE}.AppStore|iPhoneSimulator.Build.0 = AppStore|iPhoneSimulator
		{C2D04CBB-5857-443F-9E9C-18B8DF0197AE}.Debug|Any CPU.ActiveCfg = Debug|iPhoneSimulator
		{C2D04CBB-5857-443F-9E9C-18B8DF0197AE}.Debug|Any CPU.Build.0 = Debug|iPhoneSimulator
		{C2D04CBB-5857-443F-9E9C-18B8DF0197AE}.Debug|iPhone.ActiveCfg = Debug|iPhone
		{C2D04CBB-5857-443F-9E9C-18B8DF0197AE}.Debug|iPhone.Build.0 = Debug|iPhone
		{C2D04CBB-5857-443F-9E9C-18B8DF0197AE}.Debug|iPhoneSimulator.ActiveCfg = Debug|iPhoneSimulator
		{C2D04CBB-5857-443F-9E9C-18B8DF0197AE}.Debug|iPhoneSimulator.Build.0 = Debug|iPhoneSimulator
		{C2D04CBB-5857-443F-9E9C-18B8DF0197AE}.Release|Any CPU.ActiveCfg = Release|iPhoneSimulator
		{C2D04CBB-5857-443F-9E9C-18B8DF0197AE}.Release|Any CPU.Build.0 = Release|iPhoneSimulator
		{C2D04CBB-5857-443F-9E9C-18B8DF0197AE}.Release|iPhone.ActiveCfg = Release|iPhone
		{C2D04CBB-5857-443F-9E9C-18B8DF0197AE}.Release|iPhone.Build.0 = Release|iPhone
		{C2D04CBB-5857-443F-9E9C-18B8DF0197AE}.Release|iPhoneSimulator.ActiveCfg = Release|iPhoneSimulator
		{C2D04CBB-5857-443F-9E9C-18B8DF0197AE}.Release|iPhoneSimulator.Build.0 = Release|iPhoneSimulator
	EndGlobalSection
	GlobalSection(SolutionProperties) = preSolution
		HideSolutionNode = FALSE
	EndGlobalSection
	GlobalSection(ExtensibilityGlobals) = postSolution
		SolutionGuid = {6422856E-ACA3-4834-9007-341B2DCCB995}
	EndGlobalSection
EndGlobal
